
Microsoft Visual Studio Solution File, Format Version 12.00
# Visual Studio Version 17
VisualStudioVersion = 17.0.31903.59
MinimumVisualStudioVersion = 10.0.40219.1
Project("{2150E333-8FDC-42A3-9474-1A3956D46DE8}") = "src", "src", "{AD96262E-E114-4994-962E-EC4A8CD2CD6C}"
EndProject
Project("{FAE04EC0-301F-11D3-BF4B-00C04F79EFBC}") = "QuizzenApp.Domain", "src\QuizzenApp.Domain\QuizzenApp.Domain.csproj", "{DAB08CC6-5B98-4B87-B521-F8B136482194}"
EndProject
Project("{2150E333-8FDC-42A3-9474-1A3956D46DE8}") = "Shared", "Shared", "{C28F1117-4F1A-4693-9A6D-C4043D8B8EA8}"
EndProject
Project("{FAE04EC0-301F-11D3-BF4B-00C04F79EFBC}") = "QuizzenApp.Shared", "src\Shared\QuizzenApp.Shared\QuizzenApp.Shared.csproj", "{D6525D0E-EC79-44CE-A553-CC16AE132495}"
EndProject
Project("{FAE04EC0-301F-11D3-BF4B-00C04F79EFBC}") = "QuizzerApp.Infrastructure", "src\QuizzerApp.Infrastructure\QuizzerApp.Infrastructure.csproj", "{CC3E3B90-0D40-4046-B7B8-9F1DA44C0E31}"
EndProject
Project("{FAE04EC0-301F-11D3-BF4B-00C04F79EFBC}") = "QuizzerApp.Api", "src\QuizzerApp.Api\QuizzerApp.Api.csproj", "{4F4EA26E-39A6-47A4-89DB-2143497FF7A3}"
EndProject
Project("{FAE04EC0-301F-11D3-BF4B-00C04F79EFBC}") = "QuizzerApp.Application", "src\QuizzerApp.Application\QuizzerApp.Application.csproj", "{4B4CB41C-DB2A-40DC-9AE7-69AFBC913A5E}"
EndProject
Global
	GlobalSection(SolutionConfigurationPlatforms) = preSolution
		Debug|Any CPU = Debug|Any CPU
		Release|Any CPU = Release|Any CPU
	EndGlobalSection
	GlobalSection(SolutionProperties) = preSolution
		HideSolutionNode = FALSE
	EndGlobalSection
	GlobalSection(ProjectConfigurationPlatforms) = postSolution
		{DAB08CC6-5B98-4B87-B521-F8B136482194}.Debug|Any CPU.ActiveCfg = Debug|Any CPU
		{DAB08CC6-5B98-4B87-B521-F8B136482194}.Debug|Any CPU.Build.0 = Debug|Any CPU
		{DAB08CC6-5B98-4B87-B521-F8B136482194}.Release|Any CPU.ActiveCfg = Release|Any CPU
		{DAB08CC6-5B98-4B87-B521-F8B136482194}.Release|Any CPU.Build.0 = Release|Any CPU
		{D6525D0E-EC79-44CE-A553-CC16AE132495}.Debug|Any CPU.ActiveCfg = Debug|Any CPU
		{D6525D0E-EC79-44CE-A553-CC16AE132495}.Debug|Any CPU.Build.0 = Debug|Any CPU
		{D6525D0E-EC79-44CE-A553-CC16AE132495}.Release|Any CPU.ActiveCfg = Release|Any CPU
		{D6525D0E-EC79-44CE-A553-CC16AE132495}.Release|Any CPU.Build.0 = Release|Any CPU
		{CC3E3B90-0D40-4046-B7B8-9F1DA44C0E31}.Debug|Any CPU.ActiveCfg = Debug|Any CPU
		{CC3E3B90-0D40-4046-B7B8-9F1DA44C0E31}.Debug|Any CPU.Build.0 = Debug|Any CPU
		{CC3E3B90-0D40-4046-B7B8-9F1DA44C0E31}.Release|Any CPU.ActiveCfg = Release|Any CPU
		{CC3E3B90-0D40-4046-B7B8-9F1DA44C0E31}.Release|Any CPU.Build.0 = Release|Any CPU
		{4F4EA26E-39A6-47A4-89DB-2143497FF7A3}.Debug|Any CPU.ActiveCfg = Debug|Any CPU
		{4F4EA26E-39A6-47A4-89DB-2143497FF7A3}.Debug|Any CPU.Build.0 = Debug|Any CPU
		{4F4EA26E-39A6-47A4-89DB-2143497FF7A3}.Release|Any CPU.ActiveCfg = Release|Any CPU
		{4F4EA26E-39A6-47A4-89DB-2143497FF7A3}.Release|Any CPU.Build.0 = Release|Any CPU
		{4B4CB41C-DB2A-40DC-9AE7-69AFBC913A5E}.Debug|Any CPU.ActiveCfg = Debug|Any CPU
		{4B4CB41C-DB2A-40DC-9AE7-69AFBC913A5E}.Debug|Any CPU.Build.0 = Debug|Any CPU
		{4B4CB41C-DB2A-40DC-9AE7-69AFBC913A5E}.Release|Any CPU.ActiveCfg = Release|Any CPU
		{4B4CB41C-DB2A-40DC-9AE7-69AFBC913A5E}.Release|Any CPU.Build.0 = Release|Any CPU
	EndGlobalSection
	GlobalSection(NestedProjects) = preSolution
		{DAB08CC6-5B98-4B87-B521-F8B136482194} = {AD96262E-E114-4994-962E-EC4A8CD2CD6C}
		{C28F1117-4F1A-4693-9A6D-C4043D8B8EA8} = {AD96262E-E114-4994-962E-EC4A8CD2CD6C}
		{D6525D0E-EC79-44CE-A553-CC16AE132495} = {C28F1117-4F1A-4693-9A6D-C4043D8B8EA8}
		{CC3E3B90-0D40-4046-B7B8-9F1DA44C0E31} = {AD96262E-E114-4994-962E-EC4A8CD2CD6C}
		{4F4EA26E-39A6-47A4-89DB-2143497FF7A3} = {AD96262E-E114-4994-962E-EC4A8CD2CD6C}
		{4B4CB41C-DB2A-40DC-9AE7-69AFBC913A5E} = {AD96262E-E114-4994-962E-EC4A8CD2CD6C}
	EndGlobalSection
EndGlobal
